
Microsoft Visual Studio Solution File, Format Version 12.00
# Visual Studio Version 17
VisualStudioVersion = 17.9.34714.143
MinimumVisualStudioVersion = 10.0.40219.1
Project("{FAE04EC0-301F-11D3-BF4B-00C04F79EFBC}") = "Electronic E-commerce Website API", "Electronic E-commerce Website API\Electronic E-commerce Website API.csproj", "{B9D9E75B-75B4-49D5-879B-3A52C06BCB0A}"
EndProject
Global
	GlobalSection(SolutionConfigurationPlatforms) = preSolution
		Debug|Any CPU = Debug|Any CPU
		Release|Any CPU = Release|Any CPU
	EndGlobalSection
	GlobalSection(ProjectConfigurationPlatforms) = postSolution
		{B9D9E75B-75B4-49D5-879B-3A52C06BCB0A}.Debug|Any CPU.ActiveCfg = Debug|Any CPU
		{B9D9E75B-75B4-49D5-879B-3A52C06BCB0A}.Debug|Any CPU.Build.0 = Debug|Any CPU
		{B9D9E75B-75B4-49D5-879B-3A52C06BCB0A}.Release|Any CPU.ActiveCfg = Release|Any CPU
		{B9D9E75B-75B4-49D5-879B-3A52C06BCB0A}.Release|Any CPU.Build.0 = Release|Any CPU
	EndGlobalSection
	GlobalSection(SolutionProperties) = preSolution
		HideSolutionNode = FALSE
	EndGlobalSection
	GlobalSection(ExtensibilityGlobals) = postSolution
		SolutionGuid = {87815704-4440-431F-8897-7B0A5A15858C}
	EndGlobalSection
EndGlobal
